
Microsoft Visual Studio Solution File, Format Version 11.00
# Visual C# Express 2010
Project("{FAE04EC0-301F-11D3-BF4B-00C04F79EFBC}") = "GitPractice", "GitPractice\GitPractice\GitPractice.csproj", "{18478EF6-AB45-4173-B0E6-2EB821F5F7FA}"
EndProject
Project("{96E2B04D-8817-42C6-938A-82C39BA4D311}") = "GitPracticeContent", "GitPractice\GitPracticeContent\GitPracticeContent.contentproj", "{FFD08EB3-9B53-473B-9CD8-7EC9BCA5B3DA}"
EndProject
Global
	GlobalSection(SolutionConfigurationPlatforms) = preSolution
		Debug|x86 = Debug|x86
		Release|x86 = Release|x86
	EndGlobalSection
	GlobalSection(ProjectConfigurationPlatforms) = postSolution
		{18478EF6-AB45-4173-B0E6-2EB821F5F7FA}.Debug|x86.ActiveCfg = Debug|x86
		{18478EF6-AB45-4173-B0E6-2EB821F5F7FA}.Debug|x86.Build.0 = Debug|x86
		{18478EF6-AB45-4173-B0E6-2EB821F5F7FA}.Release|x86.ActiveCfg = Release|x86
		{18478EF6-AB45-4173-B0E6-2EB821F5F7FA}.Release|x86.Build.0 = Release|x86
		{FFD08EB3-9B53-473B-9CD8-7EC9BCA5B3DA}.Debug|x86.ActiveCfg = Debug|x86
		{FFD08EB3-9B53-473B-9CD8-7EC9BCA5B3DA}.Release|x86.ActiveCfg = Release|x86
	EndGlobalSection
	GlobalSection(SolutionProperties) = preSolution
		HideSolutionNode = FALSE
	EndGlobalSection
EndGlobal
